// !$*UTF8*$!
{
	archiveVersion = 1;
	classes = {
	};
	objectVersion = 48;
	objects = {

/* Begin PBXBuildFile section */
		157AEA7C2095A5B1008619B5 /* QuestionData.Swift in Sources */ = {isa = PBXBuildFile; fileRef = 157AEA7B2095A5B1008619B5 /* QuestionData.Swift */; };
		15BDBF572090941200278711 /* AppDelegate.swift in Sources */ = {isa = PBXBuildFile; fileRef = 15BDBF562090941200278711 /* AppDelegate.swift */; };
		15BDBF592090941200278711 /* IntroductionViewController.swift in Sources */ = {isa = PBXBuildFile; fileRef = 15BDBF582090941200278711 /* IntroductionViewController.swift */; };
		15BDBF5C2090941200278711 /* Main.storyboard in Resources */ = {isa = PBXBuildFile; fileRef = 15BDBF5A2090941200278711 /* Main.storyboard */; };
		15BDBF5E2090941200278711 /* Assets.xcassets in Resources */ = {isa = PBXBuildFile; fileRef = 15BDBF5D2090941200278711 /* Assets.xcassets */; };
		15BDBF612090941200278711 /* LaunchScreen.storyboard in Resources */ = {isa = PBXBuildFile; fileRef = 15BDBF5F2090941200278711 /* LaunchScreen.storyboard */; };
		15BDBF6C2090941200278711 /* PersonalityQuizTests.swift in Sources */ = {isa = PBXBuildFile; fileRef = 15BDBF6B2090941200278711 /* PersonalityQuizTests.swift */; };
		15BDBF772090941200278711 /* PersonalityQuizUITests.swift in Sources */ = {isa = PBXBuildFile; fileRef = 15BDBF762090941200278711 /* PersonalityQuizUITests.swift */; };
		15BDBF852090ACA500278711 /* QuestionViewController.swift in Sources */ = {isa = PBXBuildFile; fileRef = 15BDBF842090ACA500278711 /* QuestionViewController.swift */; };
		15BDBF872090AD3700278711 /* ResultsViewController.swift in Sources */ = {isa = PBXBuildFile; fileRef = 15BDBF862090AD3700278711 /* ResultsViewController.swift */; };
/* End PBXBuildFile section */

/* Begin PBXContainerItemProxy section */
		15BDBF682090941200278711 /* PBXContainerItemProxy */ = {
			isa = PBXContainerItemProxy;
			containerPortal = 15BDBF4B2090941200278711 /* Project object */;
			proxyType = 1;
			remoteGlobalIDString = 15BDBF522090941200278711;
			remoteInfo = PersonalityQuiz;
		};
		15BDBF732090941200278711 /* PBXContainerItemProxy */ = {
			isa = PBXContainerItemProxy;
			containerPortal = 15BDBF4B2090941200278711 /* Project object */;
			proxyType = 1;
			remoteGlobalIDString = 15BDBF522090941200278711;
			remoteInfo = PersonalityQuiz;
		};
/* End PBXContainerItemProxy section */

/* Begin PBXFileReference section */
		157AEA7B2095A5B1008619B5 /* QuestionData.Swift */ = {isa = PBXFileReference; lastKnownFileType = sourcecode.swift; path = QuestionData.Swift; sourceTree = "<group>"; };
		15BDBF532090941200278711 /* PersonalityQuiz.app */ = {isa = PBXFileReference; explicitFileType = wrapper.application; includeInIndex = 0; path = PersonalityQuiz.app; sourceTree = BUILT_PRODUCTS_DIR; };
		15BDBF562090941200278711 /* AppDelegate.swift */ = {isa = PBXFileReference; lastKnownFileType = sourcecode.swift; path = AppDelegate.swift; sourceTree = "<group>"; };
		15BDBF582090941200278711 /* IntroductionViewController.swift */ = {isa = PBXFileReference; lastKnownFileType = sourcecode.swift; path = IntroductionViewController.swift; sourceTree = "<group>"; };
		15BDBF5B2090941200278711 /* Base */ = {isa = PBXFileReference; lastKnownFileType = file.storyboard; name = Base; path = Base.lproj/Main.storyboard; sourceTree = "<group>"; };
		15BDBF5D2090941200278711 /* Assets.xcassets */ = {isa = PBXFileReference; lastKnownFileType = folder.assetcatalog; path = Assets.xcassets; sourceTree = "<group>"; };
		15BDBF602090941200278711 /* Base */ = {isa = PBXFileReference; lastKnownFileType = file.storyboard; name = Base; path = Base.lproj/LaunchScreen.storyboard; sourceTree = "<group>"; };
		15BDBF622090941200278711 /* Info.plist */ = {isa = PBXFileReference; lastKnownFileType = text.plist.xml; path = Info.plist; sourceTree = "<group>"; };
		15BDBF672090941200278711 /* PersonalityQuizTests.xctest */ = {isa = PBXFileReference; explicitFileType = wrapper.cfbundle; includeInIndex = 0; path = PersonalityQuizTests.xctest; sourceTree = BUILT_PRODUCTS_DIR; };
		15BDBF6B2090941200278711 /* PersonalityQuizTests.swift */ = {isa = PBXFileReference; lastKnownFileType = sourcecode.swift; path = PersonalityQuizTests.swift; sourceTree = "<group>"; };
		15BDBF6D2090941200278711 /* Info.plist */ = {isa = PBXFileReference; lastKnownFileType = text.plist.xml; path = Info.plist; sourceTree = "<group>"; };
		15BDBF722090941200278711 /* PersonalityQuizUITests.xctest */ = {isa = PBXFileReference; explicitFileType = wrapper.cfbundle; includeInIndex = 0; path = PersonalityQuizUITests.xctest; sourceTree = BUILT_PRODUCTS_DIR; };
		15BDBF762090941200278711 /* PersonalityQuizUITests.swift */ = {isa = PBXFileReference; lastKnownFileType = sourcecode.swift; path = PersonalityQuizUITests.swift; sourceTree = "<group>"; };
		15BDBF782090941200278711 /* Info.plist */ = {isa = PBXFileReference; lastKnownFileType = text.plist.xml; path = Info.plist; sourceTree = "<group>"; };
		15BDBF842090ACA500278711 /* QuestionViewController.swift */ = {isa = PBXFileReference; lastKnownFileType = sourcecode.swift; path = QuestionViewController.swift; sourceTree = "<group>"; };
		15BDBF862090AD3700278711 /* ResultsViewController.swift */ = {isa = PBXFileReference; lastKnownFileType = sourcecode.swift; path = ResultsViewController.swift; sourceTree = "<group>"; };
/* End PBXFileReference section */

/* Begin PBXFrameworksBuildPhase section */
		15BDBF502090941200278711 /* Frameworks */ = {
			isa = PBXFrameworksBuildPhase;
			buildActionMask = 2147483647;
			files = (
			);
			runOnlyForDeploymentPostprocessing = 0;
		};
		15BDBF642090941200278711 /* Frameworks */ = {
			isa = PBXFrameworksBuildPhase;
			buildActionMask = 2147483647;
			files = (
			);
			runOnlyForDeploymentPostprocessing = 0;
		};
		15BDBF6F2090941200278711 /* Frameworks */ = {
			isa = PBXFrameworksBuildPhase;
			buildActionMask = 2147483647;
			files = (
			);
			runOnlyForDeploymentPostprocessing = 0;
		};
/* End PBXFrameworksBuildPhase section */

/* Begin PBXGroup section */
		15BDBF4A2090941200278711 = {
			isa = PBXGroup;
			children = (
				15BDBF552090941200278711 /* PersonalityQuiz */,
				15BDBF6A2090941200278711 /* PersonalityQuizTests */,
				15BDBF752090941200278711 /* PersonalityQuizUITests */,
				15BDBF542090941200278711 /* Products */,
			);
			sourceTree = "<group>";
		};
		15BDBF542090941200278711 /* Products */ = {
			isa = PBXGroup;
			children = (
				15BDBF532090941200278711 /* PersonalityQuiz.app */,
				15BDBF672090941200278711 /* PersonalityQuizTests.xctest */,
				15BDBF722090941200278711 /* PersonalityQuizUITests.xctest */,
			);
			name = Products;
			sourceTree = "<group>";
		};
		15BDBF552090941200278711 /* PersonalityQuiz */ = {
			isa = PBXGroup;
			children = (
				15BDBF562090941200278711 /* AppDelegate.swift */,
				15BDBF582090941200278711 /* IntroductionViewController.swift */,
				15BDBF5A2090941200278711 /* Main.storyboard */,
				157AEA7B2095A5B1008619B5 /* QuestionData.Swift */,
				15BDBF842090ACA500278711 /* QuestionViewController.swift */,
				15BDBF862090AD3700278711 /* ResultsViewController.swift */,
				15BDBF5D2090941200278711 /* Assets.xcassets */,
				15BDBF5F2090941200278711 /* LaunchScreen.storyboard */,
				15BDBF622090941200278711 /* Info.plist */,
			);
			path = PersonalityQuiz;
			sourceTree = "<group>";
		};
		15BDBF6A2090941200278711 /* PersonalityQuizTests */ = {
			isa = PBXGroup;
			children = (
				15BDBF6B2090941200278711 /* PersonalityQuizTests.swift */,
				15BDBF6D2090941200278711 /* Info.plist */,
			);
			path = PersonalityQuizTests;
			sourceTree = "<group>";
		};
		15BDBF752090941200278711 /* PersonalityQuizUITests */ = {
			isa = PBXGroup;
			children = (
				15BDBF762090941200278711 /* PersonalityQuizUITests.swift */,
				15BDBF782090941200278711 /* Info.plist */,
			);
			path = PersonalityQuizUITests;
			sourceTree = "<group>";
		};
/* End PBXGroup section */

/* Begin PBXNativeTarget section */
		15BDBF522090941200278711 /* PersonalityQuiz */ = {
			isa = PBXNativeTarget;
			buildConfigurationList = 15BDBF7B2090941200278711 /* Build configuration list for PBXNativeTarget "PersonalityQuiz" */;
			buildPhases = (
				15BDBF4F2090941200278711 /* Sources */,
				15BDBF502090941200278711 /* Frameworks */,
				15BDBF512090941200278711 /* Resources */,
			);
			buildRules = (
			);
			dependencies = (
			);
			name = PersonalityQuiz;
			productName = PersonalityQuiz;
			productReference = 15BDBF532090941200278711 /* PersonalityQuiz.app */;
			productType = "com.apple.product-type.application";
		};
		15BDBF662090941200278711 /* PersonalityQuizTests */ = {
			isa = PBXNativeTarget;
			buildConfigurationList = 15BDBF7E2090941200278711 /* Build configuration list for PBXNativeTarget "PersonalityQuizTests" */;
			buildPhases = (
				15BDBF632090941200278711 /* Sources */,
				15BDBF642090941200278711 /* Frameworks */,
				15BDBF652090941200278711 /* Resources */,
			);
			buildRules = (
			);
			dependencies = (
				15BDBF692090941200278711 /* PBXTargetDependency */,
			);
			name = PersonalityQuizTests;
			productName = PersonalityQuizTests;
			productReference = 15BDBF672090941200278711 /* PersonalityQuizTests.xctest */;
			productType = "com.apple.product-type.bundle.unit-test";
		};
		15BDBF712090941200278711 /* PersonalityQuizUITests */ = {
			isa = PBXNativeTarget;
			buildConfigurationList = 15BDBF812090941200278711 /* Build configuration list for PBXNativeTarget "PersonalityQuizUITests" */;
			buildPhases = (
				15BDBF6E2090941200278711 /* Sources */,
				15BDBF6F2090941200278711 /* Frameworks */,
				15BDBF702090941200278711 /* Resources */,
			);
			buildRules = (
			);
			dependencies = (
				15BDBF742090941200278711 /* PBXTargetDependency */,
			);
			name = PersonalityQuizUITests;
			productName = PersonalityQuizUITests;
			productReference = 15BDBF722090941200278711 /* PersonalityQuizUITests.xctest */;
			productType = "com.apple.product-type.bundle.ui-testing";
		};
/* End PBXNativeTarget section */

/* Begin PBXProject section */
		15BDBF4B2090941200278711 /* Project object */ = {
			isa = PBXProject;
			attributes = {
				LastSwiftUpdateCheck = 0920;
				LastUpgradeCheck = 0920;
				ORGANIZATIONNAME = "Philine Wairata";
				TargetAttributes = {
					15BDBF522090941200278711 = {
						CreatedOnToolsVersion = 9.2;
						ProvisioningStyle = Automatic;
					};
					15BDBF662090941200278711 = {
						CreatedOnToolsVersion = 9.2;
						ProvisioningStyle = Automatic;
						TestTargetID = 15BDBF522090941200278711;
					};
					15BDBF712090941200278711 = {
						CreatedOnToolsVersion = 9.2;
						ProvisioningStyle = Automatic;
						TestTargetID = 15BDBF522090941200278711;
					};
				};
			};
			buildConfigurationList = 15BDBF4E2090941200278711 /* Build configuration list for PBXProject "PersonalityQuiz" */;
			compatibilityVersion = "Xcode 8.0";
			developmentRegion = en;
			hasScannedForEncodings = 0;
			knownRegions = (
				en,
				Base,
			);
			mainGroup = 15BDBF4A2090941200278711;
			productRefGroup = 15BDBF542090941200278711 /* Products */;
			projectDirPath = "";
			projectRoot = "";
			targets = (
				15BDBF522090941200278711 /* PersonalityQuiz */,
				15BDBF662090941200278711 /* PersonalityQuizTests */,
				15BDBF712090941200278711 /* PersonalityQuizUITests */,
			);
		};
/* End PBXProject section */

/* Begin PBXResourcesBuildPhase section */
		15BDBF512090941200278711 /* Resources */ = {
			isa = PBXResourcesBuildPhase;
			buildActionMask = 2147483647;
			files = (
				15BDBF612090941200278711 /* LaunchScreen.storyboard in Resources */,
				15BDBF5E2090941200278711 /* Assets.xcassets in Resources */,
				15BDBF5C2090941200278711 /* Main.storyboard in Resources */,
			);
			runOnlyForDeploymentPostprocessing = 0;
		};
		15BDBF652090941200278711 /* Resources */ = {
			isa = PBXResourcesBuildPhase;
			buildActionMask = 2147483647;
			files = (
			);
			runOnlyForDeploymentPostprocessing = 0;
		};
		15BDBF702090941200278711 /* Resources */ = {
			isa = PBXResourcesBuildPhase;
			buildActionMask = 2147483647;
			files = (
			);
			runOnlyForDeploymentPostprocessing = 0;
		};
/* End PBXResourcesBuildPhase section */

/* Begin PBXSourcesBuildPhase section */
		15BDBF4F2090941200278711 /* Sources */ = {
			isa = PBXSourcesBuildPhase;
			buildActionMask = 2147483647;
			files = (
				15BDBF592090941200278711 /* IntroductionViewController.swift in Sources */,
				15BDBF572090941200278711 /* AppDelegate.swift in Sources */,
				157AEA7C2095A5B1008619B5 /* QuestionData.Swift in Sources */,
				15BDBF852090ACA500278711 /* QuestionViewController.swift in Sources */,
				15BDBF872090AD3700278711 /* ResultsViewController.swift in Sources */,
			);
			runOnlyForDeploymentPostprocessing = 0;
		};
		15BDBF632090941200278711 /* Sources */ = {
			isa = PBXSourcesBuildPhase;
			buildActionMask = 2147483647;
			files = (
				15BDBF6C2090941200278711 /* PersonalityQuizTests.swift in Sources */,
			);
			runOnlyForDeploymentPostprocessing = 0;
		};
		15BDBF6E2090941200278711 /* Sources */ = {
			isa = PBXSourcesBuildPhase;
			buildActionMask = 2147483647;
			files = (
				15BDBF772090941200278711 /* PersonalityQuizUITests.swift in Sources */,
			);
			runOnlyForDeploymentPostprocessing = 0;
		};
/* End PBXSourcesBuildPhase section */

/* Begin PBXTargetDependency section */
		15BDBF692090941200278711 /* PBXTargetDependency */ = {
			isa = PBXTargetDependency;
			target = 15BDBF522090941200278711 /* PersonalityQuiz */;
			targetProxy = 15BDBF682090941200278711 /* PBXContainerItemProxy */;
		};
		15BDBF742090941200278711 /* PBXTargetDependency */ = {
			isa = PBXTargetDependency;
			target = 15BDBF522090941200278711 /* PersonalityQuiz */;
			targetProxy = 15BDBF732090941200278711 /* PBXContainerItemProxy */;
		};
/* End PBXTargetDependency section */

/* Begin PBXVariantGroup section */
		15BDBF5A2090941200278711 /* Main.storyboard */ = {
			isa = PBXVariantGroup;
			children = (
				15BDBF5B2090941200278711 /* Base */,
			);
			name = Main.storyboard;
			sourceTree = "<group>";
		};
		15BDBF5F2090941200278711 /* LaunchScreen.storyboard */ = {
			isa = PBXVariantGroup;
			children = (
				15BDBF602090941200278711 /* Base */,
			);
			name = LaunchScreen.storyboard;
			sourceTree = "<group>";
		};
/* End PBXVariantGroup section */

/* Begin XCBuildConfiguration section */
		15BDBF792090941200278711 /* Debug */ = {
			isa = XCBuildConfiguration;
			buildSettings = {
				ALWAYS_SEARCH_USER_PATHS = NO;
				CLANG_ANALYZER_NONNULL = YES;
				CLANG_ANALYZER_NUMBER_OBJECT_CONVERSION = YES_AGGRESSIVE;
				CLANG_CXX_LANGUAGE_STANDARD = "gnu++14";
				CLANG_CXX_LIBRARY = "libc++";
				CLANG_ENABLE_MODULES = YES;
				CLANG_ENABLE_OBJC_ARC = YES;
				CLANG_WARN_BLOCK_CAPTURE_AUTORELEASING = YES;
				CLANG_WARN_BOOL_CONVERSION = YES;
				CLANG_WARN_COMMA = YES;
				CLANG_WARN_CONSTANT_CONVERSION = YES;
				CLANG_WARN_DIRECT_OBJC_ISA_USAGE = YES_ERROR;
				CLANG_WARN_DOCUMENTATION_COMMENTS = YES;
				CLANG_WARN_EMPTY_BODY = YES;
				CLANG_WARN_ENUM_CONVERSION = YES;
				CLANG_WARN_INFINITE_RECURSION = YES;
				CLANG_WARN_INT_CONVERSION = YES;
				CLANG_WARN_NON_LITERAL_NULL_CONVERSION = YES;
				CLANG_WARN_OBJC_LITERAL_CONVERSION = YES;
				CLANG_WARN_OBJC_ROOT_CLASS = YES_ERROR;
				CLANG_WARN_RANGE_LOOP_ANALYSIS = YES;
				CLANG_WARN_STRICT_PROTOTYPES = YES;
				CLANG_WARN_SUSPICIOUS_MOVE = YES;
				CLANG_WARN_UNGUARDED_AVAILABILITY = YES_AGGRESSIVE;
				CLANG_WARN_UNREACHABLE_CODE = YES;
				CLANG_WARN__DUPLICATE_METHOD_MATCH = YES;
				CODE_SIGN_IDENTITY = "iPhone Developer";
				COPY_PHASE_STRIP = NO;
				DEBUG_INFORMATION_FORMAT = dwarf;
				ENABLE_STRICT_OBJC_MSGSEND = YES;
				ENABLE_TESTABILITY = YES;
				GCC_C_LANGUAGE_STANDARD = gnu11;
				GCC_DYNAMIC_NO_PIC = NO;
				GCC_NO_COMMON_BLOCKS = YES;
				GCC_OPTIMIZATION_LEVEL = 0;
				GCC_PREPROCESSOR_DEFINITIONS = (
					"DEBUG=1",
					"$(inherited)",
				);
				GCC_WARN_64_TO_32_BIT_CONVERSION = YES;
				GCC_WARN_ABOUT_RETURN_TYPE = YES_ERROR;
				GCC_WARN_UNDECLARED_SELECTOR = YES;
				GCC_WARN_UNINITIALIZED_AUTOS = YES_AGGRESSIVE;
				GCC_WARN_UNUSED_FUNCTION = YES;
				GCC_WARN_UNUSED_VARIABLE = YES;
				IPHONEOS_DEPLOYMENT_TARGET = 11.2;
				MTL_ENABLE_DEBUG_INFO = YES;
				ONLY_ACTIVE_ARCH = YES;
				SDKROOT = iphoneos;
				SWIFT_ACTIVE_COMPILATION_CONDITIONS = DEBUG;
				SWIFT_OPTIMIZATION_LEVEL = "-Onone";
			};
			name = Debug;
		};
		15BDBF7A2090941200278711 /* Release */ = {
			isa = XCBuildConfiguration;
			buildSettings = {
				ALWAYS_SEARCH_USER_PATHS = NO;
				CLANG_ANALYZER_NONNULL = YES;
				CLANG_ANALYZER_NUMBER_OBJECT_CONVERSION = YES_AGGRESSIVE;
				CLANG_CXX_LANGUAGE_STANDARD = "gnu++14";
				CLANG_CXX_LIBRARY = "libc++";
				CLANG_ENABLE_MODULES = YES;
				CLANG_ENABLE_OBJC_ARC = YES;
				CLANG_WARN_BLOCK_CAPTURE_AUTORELEASING = YES;
				CLANG_WARN_BOOL_CONVERSION = YES;
				CLANG_WARN_COMMA = YES;
				CLANG_WARN_CONSTANT_CONVERSION = YES;
				CLANG_WARN_DIRECT_OBJC_ISA_USAGE = YES_ERROR;
				CLANG_WARN_DOCUMENTATION_COMMENTS = YES;
				CLANG_WARN_EMPTY_BODY = YES;
				CLANG_WARN_ENUM_CONVERSION = YES;
				CLANG_WARN_INFINITE_RECURSION = YES;
				CLANG_WARN_INT_CONVERSION = YES;
				CLANG_WARN_NON_LITERAL_NULL_CONVERSION = YES;
				CLANG_WARN_OBJC_LITERAL_CONVERSION = YES;
				CLANG_WARN_OBJC_ROOT_CLASS = YES_ERROR;
				CLANG_WARN_RANGE_LOOP_ANALYSIS = YES;
				CLANG_WARN_STRICT_PROTOTYPES = YES;
				CLANG_WARN_SUSPICIOUS_MOVE = YES;
				CLANG_WARN_UNGUARDED_AVAILABILITY = YES_AGGRESSIVE;
				CLANG_WARN_UNREACHABLE_CODE = YES;
				CLANG_WARN__DUPLICATE_METHOD_MATCH = YES;
				CODE_SIGN_IDENTITY = "iPhone Developer";
				COPY_PHASE_STRIP = NO;
				DEBUG_INFORMATION_FORMAT = "dwarf-with-dsym";
				ENABLE_NS_ASSERTIONS = NO;
				ENABLE_STRICT_OBJC_MSGSEND = YES;
				GCC_C_LANGUAGE_STANDARD = gnu11;
				GCC_NO_COMMON_BLOCKS = YES;
				GCC_WARN_64_TO_32_BIT_CONVERSION = YES;
				GCC_WARN_ABOUT_RETURN_TYPE = YES_ERROR;
				GCC_WARN_UNDECLARED_SELECTOR = YES;
				GCC_WARN_UNINITIALIZED_AUTOS = YES_AGGRESSIVE;
				GCC_WARN_UNUSED_FUNCTION = YES;
				GCC_WARN_UNUSED_VARIABLE = YES;
				IPHONEOS_DEPLOYMENT_TARGET = 11.2;
				MTL_ENABLE_DEBUG_INFO = NO;
				SDKROOT = iphoneos;
				SWIFT_OPTIMIZATION_LEVEL = "-Owholemodule";
				VALIDATE_PRODUCT = YES;
			};
			name = Release;
		};
		15BDBF7C2090941200278711 /* Debug */ = {
			isa = XCBuildConfiguration;
			buildSettings = {
				ASSETCATALOG_COMPILER_APPICON_NAME = AppIcon;
				CODE_SIGN_STYLE = Automatic;
				DEVELOPMENT_TEAM = 62Q48WQBH7;
				INFOPLIST_FILE = PersonalityQuiz/Info.plist;
				LD_RUNPATH_SEARCH_PATHS = "$(inherited) @executable_path/Frameworks";
				PRODUCT_BUNDLE_IDENTIFIER = com.example.PersonalityQuiz;
				PRODUCT_NAME = "$(TARGET_NAME)";
				SWIFT_VERSION = 4.0;
				TARGETED_DEVICE_FAMILY = "1,2";
			};
			name = Debug;
		};
		15BDBF7D2090941200278711 /* Release */ = {
			isa = XCBuildConfiguration;
			buildSettings = {
				ASSETCATALOG_COMPILER_APPICON_NAME = AppIcon;
				CODE_SIGN_STYLE = Automatic;
				DEVELOPMENT_TEAM = 62Q48WQBH7;
				INFOPLIST_FILE = PersonalityQuiz/Info.plist;
				LD_RUNPATH_SEARCH_PATHS = "$(inherited) @executable_path/Frameworks";
				PRODUCT_BUNDLE_IDENTIFIER = com.example.PersonalityQuiz;
				PRODUCT_NAME = "$(TARGET_NAME)";
				SWIFT_VERSION = 4.0;
				TARGETED_DEVICE_FAMILY = "1,2";
			};
			name = Release;
		};
		15BDBF7F2090941200278711 /* Debug */ = {
			isa = XCBuildConfiguration;
			buildSettings = {
				ALWAYS_EMBED_SWIFT_STANDARD_LIBRARIES = YES;
				BUNDLE_LOADER = "$(TEST_HOST)";
				CODE_SIGN_STYLE = Automatic;
				INFOPLIST_FILE = PersonalityQuizTests/Info.plist;
				LD_RUNPATH_SEARCH_PATHS = "$(inherited) @executable_path/Frameworks @loader_path/Frameworks";
				PRODUCT_BUNDLE_IDENTIFIER = com.example.PersonalityQuizTests;
				PRODUCT_NAME = "$(TARGET_NAME)";
				SWIFT_VERSION = 4.0;
				TARGETED_DEVICE_FAMILY = "1,2";
				TEST_HOST = "$(BUILT_PRODUCTS_DIR)/PersonalityQuiz.app/PersonalityQuiz";
			};
			name = Debug;
		};
		15BDBF802090941200278711 /* Release */ = {
			isa = XCBuildConfiguration;
			buildSettings = {
				ALWAYS_EMBED_SWIFT_STANDARD_LIBRARIES = YES;
				BUNDLE_LOADER = "$(TEST_HOST)";
				CODE_SIGN_STYLE = Automatic;
				INFOPLIST_FILE = PersonalityQuizTests/Info.plist;
				LD_RUNPATH_SEARCH_PATHS = "$(inherited) @executable_path/Frameworks @loader_path/Frameworks";
				PRODUCT_BUNDLE_IDENTIFIER = com.example.PersonalityQuizTests;
				PRODUCT_NAME = "$(TARGET_NAME)";
				SWIFT_VERSION = 4.0;
				TARGETED_DEVICE_FAMILY = "1,2";
				TEST_HOST = "$(BUILT_PRODUCTS_DIR)/PersonalityQuiz.app/PersonalityQuiz";
			};
			name = Release;
		};
		15BDBF822090941200278711 /* Debug */ = {
			isa = XCBuildConfiguration;
			buildSettings = {
				ALWAYS_EMBED_SWIFT_STANDARD_LIBRARIES = YES;
				CODE_SIGN_STYLE = Automatic;
				INFOPLIST_FILE = PersonalityQuizUITests/Info.plist;
				LD_RUNPATH_SEARCH_PATHS = "$(inherited) @executable_path/Frameworks @loader_path/Frameworks";
				PRODUCT_BUNDLE_IDENTIFIER = com.example.PersonalityQuizUITests;
				PRODUCT_NAME = "$(TARGET_NAME)";
				SWIFT_VERSION = 4.0;
				TARGETED_DEVICE_FAMILY = "1,2";
				TEST_TARGET_NAME = PersonalityQuiz;
			};
			name = Debug;
		};
		15BDBF832090941200278711 /* Release */ = {
			isa = XCBuildConfiguration;
			buildSettings = {
				ALWAYS_EMBED_SWIFT_STANDARD_LIBRARIES = YES;
				CODE_SIGN_STYLE = Automatic;
				INFOPLIST_FILE = PersonalityQuizUITests/Info.plist;
				LD_RUNPATH_SEARCH_PATHS = "$(inherited) @executable_path/Frameworks @loader_path/Frameworks";
				PRODUCT_BUNDLE_IDENTIFIER = com.example.PersonalityQuizUITests;
				PRODUCT_NAME = "$(TARGET_NAME)";
				SWIFT_VERSION = 4.0;
				TARGETED_DEVICE_FAMILY = "1,2";
				TEST_TARGET_NAME = PersonalityQuiz;
			};
			name = Release;
		};
/* End XCBuildConfiguration section */

/* Begin XCConfigurationList section */
		15BDBF4E2090941200278711 /* Build configuration list for PBXProject "PersonalityQuiz" */ = {
			isa = XCConfigurationList;
			buildConfigurations = (
				15BDBF792090941200278711 /* Debug */,
				15BDBF7A2090941200278711 /* Release */,
			);
			defaultConfigurationIsVisible = 0;
			defaultConfigurationName = Release;
		};
		15BDBF7B2090941200278711 /* Build configuration list for PBXNativeTarget "PersonalityQuiz" */ = {
			isa = XCConfigurationList;
			buildConfigurations = (
				15BDBF7C2090941200278711 /* Debug */,
				15BDBF7D2090941200278711 /* Release */,
			);
			defaultConfigurationIsVisible = 0;
			defaultConfigurationName = Release;
		};
		15BDBF7E2090941200278711 /* Build configuration list for PBXNativeTarget "PersonalityQuizTests" */ = {
			isa = XCConfigurationList;
			buildConfigurations = (
				15BDBF7F2090941200278711 /* Debug */,
				15BDBF802090941200278711 /* Release */,
			);
			defaultConfigurationIsVisible = 0;
			defaultConfigurationName = Release;
		};
		15BDBF812090941200278711 /* Build configuration list for PBXNativeTarget "PersonalityQuizUITests" */ = {
			isa = XCConfigurationList;
			buildConfigurations = (
				15BDBF822090941200278711 /* Debug */,
				15BDBF832090941200278711 /* Release */,
			);
			defaultConfigurationIsVisible = 0;
			defaultConfigurationName = Release;
		};
/* End XCConfigurationList section */
	};
	rootObject = 15BDBF4B2090941200278711 /* Project object */;
}
